// !$*UTF8*$!
{
	archiveVersion = 1;
	classes = {
	};
	objectVersion = 46;
	objects = {

/* Begin PBXBuildFile section */
		B62850EC14387903001ECD94 /* Cocoa.framework in Frameworks */ = {isa = PBXBuildFile; fileRef = B62850EB14387903001ECD94 /* Cocoa.framework */; };
		B62850F614387903001ECD94 /* InfoPlist.strings in Resources */ = {isa = PBXBuildFile; fileRef = B62850F414387903001ECD94 /* InfoPlist.strings */; };
		B62850F914387903001ECD94 /* main.m in Sources */ = {isa = PBXBuildFile; fileRef = B62850F814387903001ECD94 /* main.m */; };
		B62850FC14387903001ECD94 /* Credits.rtf in Resources */ = {isa = PBXBuildFile; fileRef = B62850FA14387903001ECD94 /* Credits.rtf */; };
		B62850FF14387903001ECD94 /* sampleProjectAppDelegate.m in Sources */ = {isa = PBXBuildFile; fileRef = B62850FE14387903001ECD94 /* sampleProjectAppDelegate.m */; };
		B628510214387904001ECD94 /* MainMenu.xib in Resources */ = {isa = PBXBuildFile; fileRef = B628510014387904001ECD94 /* MainMenu.xib */; };
		B628510914387904001ECD94 /* Cocoa.framework in Frameworks */ = {isa = PBXBuildFile; fileRef = B62850EB14387903001ECD94 /* Cocoa.framework */; };
		B628511114387904001ECD94 /* InfoPlist.strings in Resources */ = {isa = PBXBuildFile; fileRef = B628510F14387904001ECD94 /* InfoPlist.strings */; };
		B628511414387904001ECD94 /* sampleProjectTests.h in Resources */ = {isa = PBXBuildFile; fileRef = B628511314387904001ECD94 /* sampleProjectTests.h */; };
		B628511614387904001ECD94 /* sampleProjectTests.m in Sources */ = {isa = PBXBuildFile; fileRef = B628511514387904001ECD94 /* sampleProjectTests.m */; };
/* End PBXBuildFile section */

/* Begin PBXContainerItemProxy section */
		B628510A14387904001ECD94 /* PBXContainerItemProxy */ = {
			isa = PBXContainerItemProxy;
			containerPortal = B62850DE14387903001ECD94 /* Project object */;
			proxyType = 1;
			remoteGlobalIDString = B62850E614387903001ECD94;
			remoteInfo = sampleProject;
		};
/* End PBXContainerItemProxy section */

/* Begin PBXFileReference section */
		B62850E714387903001ECD94 /* sampleProject.app */ = {isa = PBXFileReference; explicitFileType = wrapper.application; includeInIndex = 0; path = sampleProject.app; sourceTree = BUILT_PRODUCTS_DIR; };
		B62850EB14387903001ECD94 /* Cocoa.framework */ = {isa = PBXFileReference; lastKnownFileType = wrapper.framework; name = Cocoa.framework; path = System/Library/Frameworks/Cocoa.framework; sourceTree = SDKROOT; };
		B62850EE14387903001ECD94 /* AppKit.framework */ = {isa = PBXFileReference; lastKnownFileType = wrapper.framework; name = AppKit.framework; path = System/Library/Frameworks/AppKit.framework; sourceTree = SDKROOT; };
		B62850EF14387903001ECD94 /* CoreData.framework */ = {isa = PBXFileReference; lastKnownFileType = wrapper.framework; name = CoreData.framework; path = System/Library/Frameworks/CoreData.framework; sourceTree = SDKROOT; };
		B62850F014387903001ECD94 /* Foundation.framework */ = {isa = PBXFileReference; lastKnownFileType = wrapper.framework; name = Foundation.framework; path = System/Library/Frameworks/Foundation.framework; sourceTree = SDKROOT; };
		B62850F314387903001ECD94 /* sampleProject-Info.plist */ = {isa = PBXFileReference; path = "sampleProject-Info.plist"; sourceTree = "<group>"; };
		B62850F514387903001ECD94 /* en */ = {isa = PBXFileReference; lastKnownFileType = text.plist.strings; name = en; path = en.lproj/InfoPlist.strings; sourceTree = "<group>"; };
		B62850F714387903001ECD94 /* sampleProject-Prefix.pch */ = {isa = PBXFileReference; path = "sampleProject-Prefix.pch"; sourceTree = "<group>"; };
		B62850F814387903001ECD94 /* main.m */ = {isa = PBXFileReference; lastKnownFileType = sourcecode.c.objc; path = main.m; sourceTree = "<group>"; };
		B62850FB14387903001ECD94 /* en */ = {isa = PBXFileReference; lastKnownFileType = text.rtf; name = en; path = en.lproj/Credits.rtf; sourceTree = "<group>"; };
		B62850FD14387903001ECD94 /* sampleProjectAppDelegate.h */ = {isa = PBXFileReference; path = sampleProjectAppDelegate.h; sourceTree = "<group>"; };
		B62850FE14387903001ECD94 /* sampleProjectAppDelegate.m */ = {isa = PBXFileReference; lastKnownFileType = sourcecode.c.objc; path = sampleProjectAppDelegate.m; sourceTree = "<group>"; };
		B628510114387904001ECD94 /* en */ = {isa = PBXFileReference; lastKnownFileType = file.xib; name = en; path = en.lproj/MainMenu.xib; sourceTree = "<group>"; };
		B628510814387904001ECD94 /* sampleProjectTests.octest */ = {isa = PBXFileReference; explicitFileType = wrapper.cfbundle; includeInIndex = 0; path = sampleProjectTests.octest; sourceTree = BUILT_PRODUCTS_DIR; };
		B628510E14387904001ECD94 /* sampleProjectTests-Info.plist */ = {isa = PBXFileReference; path = "sampleProjectTests-Info.plist"; sourceTree = "<group>"; };
		B628511014387904001ECD94 /* en */ = {isa = PBXFileReference; lastKnownFileType = text.plist.strings; name = en; path = en.lproj/InfoPlist.strings; sourceTree = "<group>"; };
		B628511214387904001ECD94 /* sampleProjectTests-Prefix.pch */ = {isa = PBXFileReference; path = "sampleProjectTests-Prefix.pch"; sourceTree = "<group>"; };
		B628511314387904001ECD94 /* sampleProjectTests.h */ = {isa = PBXFileReference; lastKnownFileType = sourcecode.c.h; path = sampleProjectTests.h; sourceTree = "<group>"; };
		B628511514387904001ECD94 /* sampleProjectTests.m */ = {isa = PBXFileReference; lastKnownFileType = sourcecode.c.objc; path = sampleProjectTests.m; sourceTree = "<group>"; };
/* End PBXFileReference section */

/* Begin PBXFrameworksBuildPhase section */
		B62850E414387903001ECD94 /* Frameworks */ = {
			isa = PBXFrameworksBuildPhase;
			buildActionMask = 2147483647;
			files = (
				B62850EC14387903001ECD94 /* Cocoa.framework in Frameworks */,
			);
			runOnlyForDeploymentPostprocessing = 0;
		};
		B628510414387904001ECD94 /* Frameworks */ = {
			isa = PBXFrameworksBuildPhase;
			buildActionMask = 2147483647;
			files = (
				B628510914387904001ECD94 /* Cocoa.framework in Frameworks */,
			);
			runOnlyForDeploymentPostprocessing = 0;
		};
/* End PBXFrameworksBuildPhase section */

/* Begin PBXGroup section */
		B62850DC14387903001ECD94 = {
			isa = PBXGroup;
			children = (
				B62850F114387903001ECD94 /* sampleProject */,
				B628510C14387904001ECD94 /* sampleProjectTests */,
				B62850EA14387903001ECD94 /* Frameworks */,
				B62850E814387903001ECD94 /* Products */,
			);
			sourceTree = "<group>";
		};
		B62850E814387903001ECD94 /* Products */ = {
			isa = PBXGroup;
			children = (
				B62850E714387903001ECD94 /* sampleProject.app */,
				B628510814387904001ECD94 /* sampleProjectTests.octest */,
			);
			name = Products;
			sourceTree = "<group>";
		};
		B62850EA14387903001ECD94 /* Frameworks */ = {
			isa = PBXGroup;
			children = (
				B62850EB14387903001ECD94 /* Cocoa.framework */,
				B62850ED14387903001ECD94 /* Other Frameworks */,
			);
			name = Frameworks;
			sourceTree = "<group>";
		};
		B62850ED14387903001ECD94 /* Other Frameworks */ = {
			isa = PBXGroup;
			children = (
				B62850EE14387903001ECD94 /* AppKit.framework */,
				B62850EF14387903001ECD94 /* CoreData.framework */,
				B62850F014387903001ECD94 /* Foundation.framework */,
			);
			name = "Other Frameworks";
			sourceTree = "<group>";
		};
		B62850F114387903001ECD94 /* sampleProject */ = {
			isa = PBXGroup;
			children = (
				B62850FD14387903001ECD94 /* sampleProjectAppDelegate.h */,
				B62850FE14387903001ECD94 /* sampleProjectAppDelegate.m */,
				B628510014387904001ECD94 /* MainMenu.xib */,
				B62850F214387903001ECD94 /* Supporting Files */,
			);
			path = sampleProject;
			sourceTree = "<group>";
		};
		B62850F214387903001ECD94 /* Supporting Files */ = {
			isa = PBXGroup;
			children = (
				B62850F314387903001ECD94 /* sampleProject-Info.plist */,
				B62850F414387903001ECD94 /* InfoPlist.strings */,
				B62850F714387903001ECD94 /* sampleProject-Prefix.pch */,
				B62850F814387903001ECD94 /* main.m */,
				B62850FA14387903001ECD94 /* Credits.rtf */,
			);
			name = "Supporting Files";
			sourceTree = "<group>";
		};
		B628510C14387904001ECD94 /* sampleProjectTests */ = {
			isa = PBXGroup;
			children = (
				B628511314387904001ECD94 /* sampleProjectTests.h */,
				B628511514387904001ECD94 /* sampleProjectTests.m */,
				B628510D14387904001ECD94 /* Supporting Files */,
			);
			path = sampleProjectTests;
			sourceTree = "<group>";
		};
		B628510D14387904001ECD94 /* Supporting Files */ = {
			isa = PBXGroup;
			children = (
				B628510E14387904001ECD94 /* sampleProjectTests-Info.plist */,
				B628510F14387904001ECD94 /* InfoPlist.strings */,
				B628511214387904001ECD94 /* sampleProjectTests-Prefix.pch */,
			);
			name = "Supporting Files";
			sourceTree = "<group>";
		};
/* End PBXGroup section */

/* Begin PBXNativeTarget section */
		B62850E614387903001ECD94 /* sampleProject */ = {
			isa = PBXNativeTarget;
			buildConfigurationList = B628511914387904001ECD94 /* Build configuration list for PBXNativeTarget "sampleProject" */;
			buildPhases = (
				B62850E314387903001ECD94 /* Sources */,
				B62850E414387903001ECD94 /* Frameworks */,
				B62850E514387903001ECD94 /* Resources */,
			);
			buildRules = (
			);
			dependencies = (
			);
			name = sampleProject;
			productName = sampleProject;
			productReference = B62850E714387903001ECD94 /* sampleProject.app */;
			productType = "com.apple.product-type.application";
		};
		B628510714387904001ECD94 /* sampleProjectTests */ = {
			isa = PBXNativeTarget;
			buildConfigurationList = B628511C14387904001ECD94 /* Build configuration list for PBXNativeTarget "sampleProjectTests" */;
			buildPhases = (
				B628510314387904001ECD94 /* Sources */,
				B628510414387904001ECD94 /* Frameworks */,
				B628510514387904001ECD94 /* Resources */,
				B628510614387904001ECD94 /* ShellScript */,
			);
			buildRules = (
			);
			dependencies = (
				B628510B14387904001ECD94 /* PBXTargetDependency */,
			);
			name = sampleProjectTests;
			productName = sampleProjectTests;
			productReference = B628510814387904001ECD94 /* sampleProjectTests.octest */;
			productType = "com.apple.product-type.bundle";
		};
/* End PBXNativeTarget section */

/* Begin PBXProject section */
		B62850DE14387903001ECD94 /* Project object */ = {
			isa = PBXProject;
			attributes = {
				ORGANIZATIONNAME = Upanels;
			};
			buildConfigurationList = B62850E114387903001ECD94 /* Build configuration list for PBXProject "sampleProject" */;
			compatibilityVersion = "Xcode 3.2";
			developmentRegion = English;
			hasScannedForEncodings = 0;
			knownRegions = (
				en,
			);
			mainGroup = B62850DC14387903001ECD94;
			productRefGroup = B62850E814387903001ECD94 /* Products */;
			projectDirPath = "";
			projectRoot = "";
			targets = (
				B62850E614387903001ECD94 /* sampleProject */,
				B628510714387904001ECD94 /* sampleProjectTests */,
			);
		};
/* End PBXProject section */

/* Begin PBXResourcesBuildPhase section */
		B62850E514387903001ECD94 /* Resources */ = {
			isa = PBXResourcesBuildPhase;
			buildActionMask = 2147483647;
			files = (
				B62850F614387903001ECD94 /* InfoPlist.strings in Resources */,
				B62850FC14387903001ECD94 /* Credits.rtf in Resources */,
				B628510214387904001ECD94 /* MainMenu.xib in Resources */,
			);
			runOnlyForDeploymentPostprocessing = 0;
		};
		B628510514387904001ECD94 /* Resources */ = {
			isa = PBXResourcesBuildPhase;
			buildActionMask = 2147483647;
			files = (
				B628511114387904001ECD94 /* InfoPlist.strings in Resources */,
				B628511414387904001ECD94 /* sampleProjectTests.h in Resources */,
			);
			runOnlyForDeploymentPostprocessing = 0;
		};
/* End PBXResourcesBuildPhase section */

/* Begin PBXShellScriptBuildPhase section */
		B628510614387904001ECD94 /* ShellScript */ = {
			isa = PBXShellScriptBuildPhase;
			buildActionMask = 2147483647;
			files = (
			);
			inputPaths = (
			);
			outputPaths = (
			);
			runOnlyForDeploymentPostprocessing = 0;
			shellPath = /bin/sh;
			shellScript = "# Run the unit tests in this test bundle.\n\"${SYSTEM_DEVELOPER_DIR}/Tools/RunUnitTests\"\n";
		};
/* End PBXShellScriptBuildPhase section */

/* Begin PBXSourcesBuildPhase section */
		B62850E314387903001ECD94 /* Sources */ = {
			isa = PBXSourcesBuildPhase;
			buildActionMask = 2147483647;
			files = (
				B62850F914387903001ECD94 /* main.m in Sources */,
				B62850FF14387903001ECD94 /* sampleProjectAppDelegate.m in Sources */,
			);
			runOnlyForDeploymentPostprocessing = 0;
		};
		B628510314387904001ECD94 /* Sources */ = {
			isa = PBXSourcesBuildPhase;
			buildActionMask = 2147483647;
			files = (
				B628511614387904001ECD94 /* sampleProjectTests.m in Sources */,
			);
			runOnlyForDeploymentPostprocessing = 0;
		};
/* End PBXSourcesBuildPhase section */

/* Begin PBXTargetDependency section */
		B628510B14387904001ECD94 /* PBXTargetDependency */ = {
			isa = PBXTargetDependency;
			target = B62850E614387903001ECD94 /* sampleProject */;
			targetProxy = B628510A14387904001ECD94 /* PBXContainerItemProxy */;
		};
/* End PBXTargetDependency section */

/* Begin PBXVariantGroup section */
		B62850F414387903001ECD94 /* InfoPlist.strings */ = {
			isa = PBXVariantGroup;
			children = (
				B62850F514387903001ECD94 /* en */,
			);
			name = InfoPlist.strings;
			sourceTree = "<group>";
		};
		B62850FA14387903001ECD94 /* Credits.rtf */ = {
			isa = PBXVariantGroup;
			children = (
				B62850FB14387903001ECD94 /* en */,
			);
			name = Credits.rtf;
			sourceTree = "<group>";
		};
		B628510014387904001ECD94 /* MainMenu.xib */ = {
			isa = PBXVariantGroup;
			children = (
				B628510114387904001ECD94 /* en */,
			);
			name = MainMenu.xib;
			sourceTree = "<group>";
		};
		B628510F14387904001ECD94 /* InfoPlist.strings */ = {
			isa = PBXVariantGroup;
			children = (
				B628511014387904001ECD94 /* en */,
			);
			name = InfoPlist.strings;
			sourceTree = "<group>";
		};
/* End PBXVariantGroup section */

/* Begin XCBuildConfiguration section */
		B628511714387904001ECD94 /* Debug */ = {
			isa = XCBuildConfiguration;
			buildSettings = {
				ARCHS = "$(ARCHS_STANDARD_32_64_BIT)";
				GCC_C_LANGUAGE_STANDARD = gnu99;
				GCC_OPTIMIZATION_LEVEL = 0;
				GCC_PREPROCESSOR_DEFINITIONS = DEBUG;
				GCC_SYMBOLS_PRIVATE_EXTERN = NO;
				GCC_VERSION = com.apple.compilers.llvm.clang.1_0;
				GCC_WARN_64_TO_32_BIT_CONVERSION = YES;
				GCC_WARN_ABOUT_RETURN_TYPE = YES;
				GCC_WARN_UNUSED_VARIABLE = YES;
				MACOSX_DEPLOYMENT_TARGET = 10.6;
				ONLY_ACTIVE_ARCH = YES;
				SDKROOT = macosx;
			};
			name = Debug;
		};
		B628511814387904001ECD94 /* Release */ = {
			isa = XCBuildConfiguration;
			buildSettings = {
				ARCHS = "$(ARCHS_STANDARD_32_64_BIT)";
				GCC_C_LANGUAGE_STANDARD = gnu99;
				GCC_VERSION = com.apple.compilers.llvm.clang.1_0;
				GCC_WARN_64_TO_32_BIT_CONVERSION = YES;
				GCC_WARN_ABOUT_RETURN_TYPE = YES;
				GCC_WARN_UNUSED_VARIABLE = YES;
				MACOSX_DEPLOYMENT_TARGET = 10.6;
				SDKROOT = macosx;
			};
			name = Release;
		};
		B628511A14387904001ECD94 /* Debug */ = {
			isa = XCBuildConfiguration;
			buildSettings = {
				ALWAYS_SEARCH_USER_PATHS = NO;
				COPY_PHASE_STRIP = NO;
				GCC_DYNAMIC_NO_PIC = NO;
				GCC_ENABLE_OBJC_EXCEPTIONS = YES;
				GCC_PRECOMPILE_PREFIX_HEADER = YES;
				GCC_PREFIX_HEADER = "sampleProject/sampleProject-Prefix.pch";
				INFOPLIST_FILE = "sampleProject/sampleProject-Info.plist";
				PRODUCT_NAME = "$(TARGET_NAME)";
				WRAPPER_EXTENSION = app;
			};
			name = Debug;
		};
		B628511B14387904001ECD94 /* Release */ = {
			isa = XCBuildConfiguration;
			buildSettings = {
				ALWAYS_SEARCH_USER_PATHS = NO;
				COPY_PHASE_STRIP = YES;
				DEBUG_INFORMATION_FORMAT = "dwarf-with-dsym";
				GCC_ENABLE_OBJC_EXCEPTIONS = YES;
				GCC_PRECOMPILE_PREFIX_HEADER = YES;
				GCC_PREFIX_HEADER = "sampleProject/sampleProject-Prefix.pch";
				INFOPLIST_FILE = "sampleProject/sampleProject-Info.plist";
				PRODUCT_NAME = "$(TARGET_NAME)";
				WRAPPER_EXTENSION = app;
			};
			name = Release;
		};
		B628511D14387904001ECD94 /* Debug */ = {
			isa = XCBuildConfiguration;
			buildSettings = {
				ALWAYS_SEARCH_USER_PATHS = NO;
				BUNDLE_LOADER = "$(BUILT_PRODUCTS_DIR)/sampleProject.app/Contents/MacOS/sampleProject";
				COPY_PHASE_STRIP = NO;
				FRAMEWORK_SEARCH_PATHS = "$(DEVELOPER_LIBRARY_DIR)/Frameworks";
				GCC_DYNAMIC_NO_PIC = NO;
				GCC_ENABLE_OBJC_EXCEPTIONS = YES;
				GCC_PRECOMPILE_PREFIX_HEADER = YES;
				GCC_PREFIX_HEADER = "sampleProjectTests/sampleProjectTests-Prefix.pch";
				INFOPLIST_FILE = "sampleProjectTests/sampleProjectTests-Info.plist";
				OTHER_LDFLAGS = (
					"-framework",
					SenTestingKit,
				);
				PRODUCT_NAME = "$(TARGET_NAME)";
				TEST_HOST = "$(BUNDLE_LOADER)";
				WRAPPER_EXTENSION = octest;
			};
			name = Debug;
		};
		B628511E14387904001ECD94 /* Release */ = {
			isa = XCBuildConfiguration;
			buildSettings = {
				ALWAYS_SEARCH_USER_PATHS = NO;
				BUNDLE_LOADER = "$(BUILT_PRODUCTS_DIR)/sampleProject.app/Contents/MacOS/sampleProject";
				COPY_PHASE_STRIP = YES;
				DEBUG_INFORMATION_FORMAT = "dwarf-with-dsym";
				FRAMEWORK_SEARCH_PATHS = "$(DEVELOPER_LIBRARY_DIR)/Frameworks";
				GCC_ENABLE_OBJC_EXCEPTIONS = YES;
				GCC_PRECOMPILE_PREFIX_HEADER = YES;
				GCC_PREFIX_HEADER = "sampleProjectTests/sampleProjectTests-Prefix.pch";
				INFOPLIST_FILE = "sampleProjectTests/sampleProjectTests-Info.plist";
				OTHER_LDFLAGS = (
					"-framework",
					SenTestingKit,
				);
				PRODUCT_NAME = "$(TARGET_NAME)";
				TEST_HOST = "$(BUNDLE_LOADER)";
				WRAPPER_EXTENSION = octest;
			};
			name = Release;
		};
/* End XCBuildConfiguration section */

/* Begin XCConfigurationList section */
		B62850E114387903001ECD94 /* Build configuration list for PBXProject "sampleProject" */ = {
			isa = XCConfigurationList;
			buildConfigurations = (
				B628511714387904001ECD94 /* Debug */,
				B628511814387904001ECD94 /* Release */,
			);
			defaultConfigurationIsVisible = 0;
			defaultConfigurationName = Release;
		};
		B628511914387904001ECD94 /* Build configuration list for PBXNativeTarget "sampleProject" */ = {
			isa = XCConfigurationList;
			buildConfigurations = (
				B628511A14387904001ECD94 /* Debug */,
				B628511B14387904001ECD94 /* Release */,
			);
			defaultConfigurationIsVisible = 0;
		};
		B628511C14387904001ECD94 /* Build configuration list for PBXNativeTarget "sampleProjectTests" */ = {
			isa = XCConfigurationList;
			buildConfigurations = (
				B628511D14387904001ECD94 /* Debug */,
				B628511E14387904001ECD94 /* Release */,
			);
			defaultConfigurationIsVisible = 0;
		};
/* End XCConfigurationList section */
	};
	rootObject = B62850DE14387903001ECD94 /* Project object */;
}
